
Microsoft Visual Studio Solution File, Format Version 12.00
# Visual Studio 15
VisualStudioVersion = 15.0.27130.2027
MinimumVisualStudioVersion = 10.0.40219.1
Project("{8BC9CEB8-8B4A-11D0-8D11-00A0C91BC942}") = "cppbme", "cppbme\cppbme.vcxproj", "{77C8F791-815B-453A-BE85-2BEB34BD8863}"
EndProject
Global
	GlobalSection(SolutionConfigurationPlatforms) = preSolution
		Debug|x64 = Debug|x64
		Debug|x86 = Debug|x86
		Release|x64 = Release|x64
		Release|x86 = Release|x86
	EndGlobalSection
	GlobalSection(ProjectConfigurationPlatforms) = postSolution
		{77C8F791-815B-453A-BE85-2BEB34BD8863}.Debug|x64.ActiveCfg = Debug|x64
		{77C8F791-815B-453A-BE85-2BEB34BD8863}.Debug|x64.Build.0 = Debug|x64
		{77C8F791-815B-453A-BE85-2BEB34BD8863}.Debug|x86.ActiveCfg = Debug|Win32
		{77C8F791-815B-453A-BE85-2BEB34BD8863}.Debug|x86.Build.0 = Debug|Win32
		{77C8F791-815B-453A-BE85-2BEB34BD8863}.Release|x64.ActiveCfg = Release|x64
		{77C8F791-815B-453A-BE85-2BEB34BD8863}.Release|x64.Build.0 = Release|x64
		{77C8F791-815B-453A-BE85-2BEB34BD8863}.Release|x86.ActiveCfg = Release|Win32
		{77C8F791-815B-453A-BE85-2BEB34BD8863}.Release|x86.Build.0 = Release|Win32
	EndGlobalSection
	GlobalSection(SolutionProperties) = preSolution
		HideSolutionNode = FALSE
	EndGlobalSection
	GlobalSection(ExtensibilityGlobals) = postSolution
		SolutionGuid = {E07B94E0-C4C4-48B4-9577-6294A483C86F}
	EndGlobalSection
EndGlobal
